
Microsoft Visual Studio Solution File, Format Version 12.00
# Visual Studio Version 17
VisualStudioVersion = 17.13.35818.85 d17.13
MinimumVisualStudioVersion = 10.0.40219.1
Project("{FAE04EC0-301F-11D3-BF4B-00C04F79EFBC}") = "quiz2-daa-bfs", "quiz2-daa-bfs.csproj", "{83C74137-7170-46B4-B291-42035800A622}"
EndProject
Global
	GlobalSection(SolutionConfigurationPlatforms) = preSolution
		Debug|Any CPU = Debug|Any CPU
		Release|Any CPU = Release|Any CPU
	EndGlobalSection
	GlobalSection(ProjectConfigurationPlatforms) = postSolution
		{83C74137-7170-46B4-B291-42035800A622}.Debug|Any CPU.ActiveCfg = Debug|Any CPU
		{83C74137-7170-46B4-B291-42035800A622}.Debug|Any CPU.Build.0 = Debug|Any CPU
		{83C74137-7170-46B4-B291-42035800A622}.Release|Any CPU.ActiveCfg = Release|Any CPU
		{83C74137-7170-46B4-B291-42035800A622}.Release|Any CPU.Build.0 = Release|Any CPU
	EndGlobalSection
	GlobalSection(SolutionProperties) = preSolution
		HideSolutionNode = FALSE
	EndGlobalSection
	GlobalSection(ExtensibilityGlobals) = postSolution
		SolutionGuid = {E6398650-844D-4C7F-84ED-E9FD0930D526}
	EndGlobalSection
EndGlobal
